dependencies:
  idf:
    component_hash: null
    source:
      type: idf
    version: 5.3.0
  wasm-micro-runtime:
    component_hash: null
    source:
      path: C:\Users\li\git\wasm-micro-runtime
      type: local
    version: 2.0.0
manifest_hash: 18a3f9157d08be4022bdcf78088e78f82e1a72434241a1ad9d53d8fbf99c80a5
target: esp32c6
version: 1.0.0
